
Microsoft Visual Studio Solution File, Format Version 12.00
# Visual Studio Version 17
VisualStudioVersion = 17.11.35222.181
MinimumVisualStudioVersion = 10.0.40219.1
Project("{FAE04EC0-301F-11D3-BF4B-00C04F79EFBC}") = "ITHub", "ITHub.csproj", "{7FFB0A62-3F65-410C-98EB-125020AD7457}"
EndProject
Global
	GlobalSection(SolutionConfigurationPlatforms) = preSolution
		Debug|Any CPU = Debug|Any CPU
		Release|Any CPU = Release|Any CPU
	EndGlobalSection
	GlobalSection(ProjectConfigurationPlatforms) = postSolution
		{7FFB0A62-3F65-410C-98EB-125020AD7457}.Debug|Any CPU.ActiveCfg = Debug|Any CPU
		{7FFB0A62-3F65-410C-98EB-125020AD7457}.Debug|Any CPU.Build.0 = Debug|Any CPU
		{7FFB0A62-3F65-410C-98EB-125020AD7457}.Release|Any CPU.ActiveCfg = Release|Any CPU
		{7FFB0A62-3F65-410C-98EB-125020AD7457}.Release|Any CPU.Build.0 = Release|Any CPU
	EndGlobalSection
	GlobalSection(SolutionProperties) = preSolution
		HideSolutionNode = FALSE
	EndGlobalSection
	GlobalSection(ExtensibilityGlobals) = postSolution
		SolutionGuid = {B2D15F26-A162-4FCA-9DB4-F7304698A64B}
	EndGlobalSection
EndGlobal
